
Microsoft Visual Studio Solution File, Format Version 12.00
# Visual Studio 15
VisualStudioVersion = 15.0.26124.0
MinimumVisualStudioVersion = 15.0.26124.0
Project("{FAE04EC0-301F-11D3-BF4B-00C04F79EFBC}") = "day-1", "day-1\day-1.csproj", "{55B8D350-3944-4020-986F-F9AEE88F4152}"
EndProject
Project("{FAE04EC0-301F-11D3-BF4B-00C04F79EFBC}") = "day-2", "day-2\day-2.csproj", "{74DF1904-CF91-442D-8654-A9219783114B}"
EndProject
Project("{FAE04EC0-301F-11D3-BF4B-00C04F79EFBC}") = "day-3", "day-3\day-3.csproj", "{A53D5CF5-932C-4500-89E1-95263D430E23}"
EndProject
Project("{FAE04EC0-301F-11D3-BF4B-00C04F79EFBC}") = "day-4", "day-4\day-4.csproj", "{9AAC1A02-F554-4A42-B934-F5CB59BF3B7F}"
EndProject
Project("{FAE04EC0-301F-11D3-BF4B-00C04F79EFBC}") = "day-5", "day-5\day-5.csproj", "{17F89D27-C169-4CD0-8A88-2DFB00968DD8}"
EndProject
Project("{FAE04EC0-301F-11D3-BF4B-00C04F79EFBC}") = "day-6", "day-6\day-6.csproj", "{8661F285-BB3A-482F-A8A5-000C73686C12}"
EndProject
Project("{FAE04EC0-301F-11D3-BF4B-00C04F79EFBC}") = "intcode", "intcode\intcode.csproj", "{17CA5355-1356-40A9-8CDF-A5B13FAD51CA}"
EndProject
Project("{FAE04EC0-301F-11D3-BF4B-00C04F79EFBC}") = "day-7", "day-7\day-7.csproj", "{67177667-D3BA-45AB-B357-A8E5D7CC26A7}"
EndProject
Project("{FAE04EC0-301F-11D3-BF4B-00C04F79EFBC}") = "tests", "tests\tests.csproj", "{74758C68-B65B-44D8-822C-2ACE2206CAF6}"
EndProject
Global
	GlobalSection(SolutionConfigurationPlatforms) = preSolution
		Debug|Any CPU = Debug|Any CPU
		Debug|x64 = Debug|x64
		Debug|x86 = Debug|x86
		Release|Any CPU = Release|Any CPU
		Release|x64 = Release|x64
		Release|x86 = Release|x86
	EndGlobalSection
	GlobalSection(SolutionProperties) = preSolution
		HideSolutionNode = FALSE
	EndGlobalSection
	GlobalSection(ProjectConfigurationPlatforms) = postSolution
		{55B8D350-3944-4020-986F-F9AEE88F4152}.Debug|Any CPU.ActiveCfg = Debug|Any CPU
		{55B8D350-3944-4020-986F-F9AEE88F4152}.Debug|Any CPU.Build.0 = Debug|Any CPU
		{55B8D350-3944-4020-986F-F9AEE88F4152}.Debug|x64.ActiveCfg = Debug|Any CPU
		{55B8D350-3944-4020-986F-F9AEE88F4152}.Debug|x64.Build.0 = Debug|Any CPU
		{55B8D350-3944-4020-986F-F9AEE88F4152}.Debug|x86.ActiveCfg = Debug|Any CPU
		{55B8D350-3944-4020-986F-F9AEE88F4152}.Debug|x86.Build.0 = Debug|Any CPU
		{55B8D350-3944-4020-986F-F9AEE88F4152}.Release|Any CPU.ActiveCfg = Release|Any CPU
		{55B8D350-3944-4020-986F-F9AEE88F4152}.Release|Any CPU.Build.0 = Release|Any CPU
		{55B8D350-3944-4020-986F-F9AEE88F4152}.Release|x64.ActiveCfg = Release|Any CPU
		{55B8D350-3944-4020-986F-F9AEE88F4152}.Release|x64.Build.0 = Release|Any CPU
		{55B8D350-3944-4020-986F-F9AEE88F4152}.Release|x86.ActiveCfg = Release|Any CPU
		{55B8D350-3944-4020-986F-F9AEE88F4152}.Release|x86.Build.0 = Release|Any CPU
		{74DF1904-CF91-442D-8654-A9219783114B}.Debug|Any CPU.ActiveCfg = Debug|Any CPU
		{74DF1904-CF91-442D-8654-A9219783114B}.Debug|Any CPU.Build.0 = Debug|Any CPU
		{74DF1904-CF91-442D-8654-A9219783114B}.Debug|x64.ActiveCfg = Debug|Any CPU
		{74DF1904-CF91-442D-8654-A9219783114B}.Debug|x64.Build.0 = Debug|Any CPU
		{74DF1904-CF91-442D-8654-A9219783114B}.Debug|x86.ActiveCfg = Debug|Any CPU
		{74DF1904-CF91-442D-8654-A9219783114B}.Debug|x86.Build.0 = Debug|Any CPU
		{74DF1904-CF91-442D-8654-A9219783114B}.Release|Any CPU.ActiveCfg = Release|Any CPU
		{74DF1904-CF91-442D-8654-A9219783114B}.Release|Any CPU.Build.0 = Release|Any CPU
		{74DF1904-CF91-442D-8654-A9219783114B}.Release|x64.ActiveCfg = Release|Any CPU
		{74DF1904-CF91-442D-8654-A9219783114B}.Release|x64.Build.0 = Release|Any CPU
		{74DF1904-CF91-442D-8654-A9219783114B}.Release|x86.ActiveCfg = Release|Any CPU
		{74DF1904-CF91-442D-8654-A9219783114B}.Release|x86.Build.0 = Release|Any CPU
		{A53D5CF5-932C-4500-89E1-95263D430E23}.Debug|Any CPU.ActiveCfg = Debug|Any CPU
		{A53D5CF5-932C-4500-89E1-95263D430E23}.Debug|Any CPU.Build.0 = Debug|Any CPU
		{A53D5CF5-932C-4500-89E1-95263D430E23}.Debug|x64.ActiveCfg = Debug|Any CPU
		{A53D5CF5-932C-4500-89E1-95263D430E23}.Debug|x64.Build.0 = Debug|Any CPU
		{A53D5CF5-932C-4500-89E1-95263D430E23}.Debug|x86.ActiveCfg = Debug|Any CPU
		{A53D5CF5-932C-4500-89E1-95263D430E23}.Debug|x86.Build.0 = Debug|Any CPU
		{A53D5CF5-932C-4500-89E1-95263D430E23}.Release|Any CPU.ActiveCfg = Release|Any CPU
		{A53D5CF5-932C-4500-89E1-95263D430E23}.Release|Any CPU.Build.0 = Release|Any CPU
		{A53D5CF5-932C-4500-89E1-95263D430E23}.Release|x64.ActiveCfg = Release|Any CPU
		{A53D5CF5-932C-4500-89E1-95263D430E23}.Release|x64.Build.0 = Release|Any CPU
		{A53D5CF5-932C-4500-89E1-95263D430E23}.Release|x86.ActiveCfg = Release|Any CPU
		{A53D5CF5-932C-4500-89E1-95263D430E23}.Release|x86.Build.0 = Release|Any CPU
		{9AAC1A02-F554-4A42-B934-F5CB59BF3B7F}.Debug|Any CPU.ActiveCfg = Debug|Any CPU
		{9AAC1A02-F554-4A42-B934-F5CB59BF3B7F}.Debug|Any CPU.Build.0 = Debug|Any CPU
		{9AAC1A02-F554-4A42-B934-F5CB59BF3B7F}.Debug|x64.ActiveCfg = Debug|Any CPU
		{9AAC1A02-F554-4A42-B934-F5CB59BF3B7F}.Debug|x64.Build.0 = Debug|Any CPU
		{9AAC1A02-F554-4A42-B934-F5CB59BF3B7F}.Debug|x86.ActiveCfg = Debug|Any CPU
		{9AAC1A02-F554-4A42-B934-F5CB59BF3B7F}.Debug|x86.Build.0 = Debug|Any CPU
		{9AAC1A02-F554-4A42-B934-F5CB59BF3B7F}.Release|Any CPU.ActiveCfg = Release|Any CPU
		{9AAC1A02-F554-4A42-B934-F5CB59BF3B7F}.Release|Any CPU.Build.0 = Release|Any CPU
		{9AAC1A02-F554-4A42-B934-F5CB59BF3B7F}.Release|x64.ActiveCfg = Release|Any CPU
		{9AAC1A02-F554-4A42-B934-F5CB59BF3B7F}.Release|x64.Build.0 = Release|Any CPU
		{9AAC1A02-F554-4A42-B934-F5CB59BF3B7F}.Release|x86.ActiveCfg = Release|Any CPU
		{9AAC1A02-F554-4A42-B934-F5CB59BF3B7F}.Release|x86.Build.0 = Release|Any CPU
		{17F89D27-C169-4CD0-8A88-2DFB00968DD8}.Debug|Any CPU.ActiveCfg = Debug|Any CPU
		{17F89D27-C169-4CD0-8A88-2DFB00968DD8}.Debug|Any CPU.Build.0 = Debug|Any CPU
		{17F89D27-C169-4CD0-8A88-2DFB00968DD8}.Debug|x64.ActiveCfg = Debug|Any CPU
		{17F89D27-C169-4CD0-8A88-2DFB00968DD8}.Debug|x64.Build.0 = Debug|Any CPU
		{17F89D27-C169-4CD0-8A88-2DFB00968DD8}.Debug|x86.ActiveCfg = Debug|Any CPU
		{17F89D27-C169-4CD0-8A88-2DFB00968DD8}.Debug|x86.Build.0 = Debug|Any CPU
		{17F89D27-C169-4CD0-8A88-2DFB00968DD8}.Release|Any CPU.ActiveCfg = Release|Any CPU
		{17F89D27-C169-4CD0-8A88-2DFB00968DD8}.Release|Any CPU.Build.0 = Release|Any CPU
		{17F89D27-C169-4CD0-8A88-2DFB00968DD8}.Release|x64.ActiveCfg = Release|Any CPU
		{17F89D27-C169-4CD0-8A88-2DFB00968DD8}.Release|x64.Build.0 = Release|Any CPU
		{17F89D27-C169-4CD0-8A88-2DFB00968DD8}.Release|x86.ActiveCfg = Release|Any CPU
		{17F89D27-C169-4CD0-8A88-2DFB00968DD8}.Release|x86.Build.0 = Release|Any CPU
		{8661F285-BB3A-482F-A8A5-000C73686C12}.Debug|Any CPU.ActiveCfg = Debug|Any CPU
		{8661F285-BB3A-482F-A8A5-000C73686C12}.Debug|Any CPU.Build.0 = Debug|Any CPU
		{8661F285-BB3A-482F-A8A5-000C73686C12}.Debug|x64.ActiveCfg = Debug|Any CPU
		{8661F285-BB3A-482F-A8A5-000C73686C12}.Debug|x64.Build.0 = Debug|Any CPU
		{8661F285-BB3A-482F-A8A5-000C73686C12}.Debug|x86.ActiveCfg = Debug|Any CPU
		{8661F285-BB3A-482F-A8A5-000C73686C12}.Debug|x86.Build.0 = Debug|Any CPU
		{8661F285-BB3A-482F-A8A5-000C73686C12}.Release|Any CPU.ActiveCfg = Release|Any CPU
		{8661F285-BB3A-482F-A8A5-000C73686C12}.Release|Any CPU.Build.0 = Release|Any CPU
		{8661F285-BB3A-482F-A8A5-000C73686C12}.Release|x64.ActiveCfg = Release|Any CPU
		{8661F285-BB3A-482F-A8A5-000C73686C12}.Release|x64.Build.0 = Release|Any CPU
		{8661F285-BB3A-482F-A8A5-000C73686C12}.Release|x86.ActiveCfg = Release|Any CPU
		{8661F285-BB3A-482F-A8A5-000C73686C12}.Release|x86.Build.0 = Release|Any CPU
		{17CA5355-1356-40A9-8CDF-A5B13FAD51CA}.Debug|Any CPU.ActiveCfg = Debug|Any CPU
		{17CA5355-1356-40A9-8CDF-A5B13FAD51CA}.Debug|Any CPU.Build.0 = Debug|Any CPU
		{17CA5355-1356-40A9-8CDF-A5B13FAD51CA}.Debug|x64.ActiveCfg = Debug|Any CPU
		{17CA5355-1356-40A9-8CDF-A5B13FAD51CA}.Debug|x64.Build.0 = Debug|Any CPU
		{17CA5355-1356-40A9-8CDF-A5B13FAD51CA}.Debug|x86.ActiveCfg = Debug|Any CPU
		{17CA5355-1356-40A9-8CDF-A5B13FAD51CA}.Debug|x86.Build.0 = Debug|Any CPU
		{17CA5355-1356-40A9-8CDF-A5B13FAD51CA}.Release|Any CPU.ActiveCfg = Release|Any CPU
		{17CA5355-1356-40A9-8CDF-A5B13FAD51CA}.Release|Any CPU.Build.0 = Release|Any CPU
		{17CA5355-1356-40A9-8CDF-A5B13FAD51CA}.Release|x64.ActiveCfg = Release|Any CPU
		{17CA5355-1356-40A9-8CDF-A5B13FAD51CA}.Release|x64.Build.0 = Release|Any CPU
		{17CA5355-1356-40A9-8CDF-A5B13FAD51CA}.Release|x86.ActiveCfg = Release|Any CPU
		{17CA5355-1356-40A9-8CDF-A5B13FAD51CA}.Release|x86.Build.0 = Release|Any CPU
		{67177667-D3BA-45AB-B357-A8E5D7CC26A7}.Debug|Any CPU.ActiveCfg = Debug|Any CPU
		{67177667-D3BA-45AB-B357-A8E5D7CC26A7}.Debug|Any CPU.Build.0 = Debug|Any CPU
		{67177667-D3BA-45AB-B357-A8E5D7CC26A7}.Debug|x64.ActiveCfg = Debug|Any CPU
		{67177667-D3BA-45AB-B357-A8E5D7CC26A7}.Debug|x64.Build.0 = Debug|Any CPU
		{67177667-D3BA-45AB-B357-A8E5D7CC26A7}.Debug|x86.ActiveCfg = Debug|Any CPU
		{67177667-D3BA-45AB-B357-A8E5D7CC26A7}.Debug|x86.Build.0 = Debug|Any CPU
		{67177667-D3BA-45AB-B357-A8E5D7CC26A7}.Release|Any CPU.ActiveCfg = Release|Any CPU
		{67177667-D3BA-45AB-B357-A8E5D7CC26A7}.Release|Any CPU.Build.0 = Release|Any CPU
		{67177667-D3BA-45AB-B357-A8E5D7CC26A7}.Release|x64.ActiveCfg = Release|Any CPU
		{67177667-D3BA-45AB-B357-A8E5D7CC26A7}.Release|x64.Build.0 = Release|Any CPU
		{67177667-D3BA-45AB-B357-A8E5D7CC26A7}.Release|x86.ActiveCfg = Release|Any CPU
		{67177667-D3BA-45AB-B357-A8E5D7CC26A7}.Release|x86.Build.0 = Release|Any CPU
		{74758C68-B65B-44D8-822C-2ACE2206CAF6}.Debug|Any CPU.ActiveCfg = Debug|Any CPU
		{74758C68-B65B-44D8-822C-2ACE2206CAF6}.Debug|Any CPU.Build.0 = Debug|Any CPU
		{74758C68-B65B-44D8-822C-2ACE2206CAF6}.Debug|x64.ActiveCfg = Debug|Any CPU
		{74758C68-B65B-44D8-822C-2ACE2206CAF6}.Debug|x64.Build.0 = Debug|Any CPU
		{74758C68-B65B-44D8-822C-2ACE2206CAF6}.Debug|x86.ActiveCfg = Debug|Any CPU
		{74758C68-B65B-44D8-822C-2ACE2206CAF6}.Debug|x86.Build.0 = Debug|Any CPU
		{74758C68-B65B-44D8-822C-2ACE2206CAF6}.Release|Any CPU.ActiveCfg = Release|Any CPU
		{74758C68-B65B-44D8-822C-2ACE2206CAF6}.Release|Any CPU.Build.0 = Release|Any CPU
		{74758C68-B65B-44D8-822C-2ACE2206CAF6}.Release|x64.ActiveCfg = Release|Any CPU
		{74758C68-B65B-44D8-822C-2ACE2206CAF6}.Release|x64.Build.0 = Release|Any CPU
		{74758C68-B65B-44D8-822C-2ACE2206CAF6}.Release|x86.ActiveCfg = Release|Any CPU
		{74758C68-B65B-44D8-822C-2ACE2206CAF6}.Release|x86.Build.0 = Release|Any CPU
	EndGlobalSection
EndGlobal
